{
  "object": {
    "pins": [
      {
        "package": "CommonMark",
        "repositoryURL": "https://github.com/unionst/CommonMark.git",
        "state": {
          "branch": "main",
          "revision": "f2f128e9b69fa55f8c017ba5cbd7fa7fcf864315",
          "version": null
        }
      },
      {
        "package": "cmark",
        "repositoryURL": "https://github.com/SwiftDocOrg/swift-cmark.git",
        "state": {
          "branch": null,
          "revision": "9c8096a23f44794bde297452d87c455fc4f76d42",
          "version": "0.29.0+20210102.9c8096a"
        }
      }
    ]
  },
  "version": 1
}
